// !$*UTF8*$!
{
	archiveVersion = 1;
	classes = {
	};
	objectVersion = 46;
	objects = {

/* Begin PBXBuildFile section */
		D71F85321B8B1C490034413A /* PopToolBar.m in Sources */ = {isa = PBXBuildFile; fileRef = D71F85311B8B1C490034413A /* PopToolBar.m */; };
		D71F85351B9033AA0034413A /* RankViewController.m in Sources */ = {isa = PBXBuildFile; fileRef = D71F85341B9033AA0034413A /* RankViewController.m */; };
		D71F853C1B9044E20034413A /* PopDivideLines.m in Sources */ = {isa = PBXBuildFile; fileRef = D71F853B1B9044E20034413A /* PopDivideLines.m */; };
		D75284F81B9572F200679DB1 /* InfoViewController.m in Sources */ = {isa = PBXBuildFile; fileRef = D75284F71B9572F200679DB1 /* InfoViewController.m */; };
		D75822BD1B86FC0100174A13 /* main.m in Sources */ = {isa = PBXBuildFile; fileRef = D75822BC1B86FC0100174A13 /* main.m */; };
		D75822C01B86FC0100174A13 /* AppDelegate.m in Sources */ = {isa = PBXBuildFile; fileRef = D75822BF1B86FC0100174A13 /* AppDelegate.m */; };
		D75822C31B86FC0100174A13 /* HomeViewController.m in Sources */ = {isa = PBXBuildFile; fileRef = D75822C21B86FC0100174A13 /* HomeViewController.m */; };
		D75822C61B86FC0100174A13 /* Main.storyboard in Resources */ = {isa = PBXBuildFile; fileRef = D75822C41B86FC0100174A13 /* Main.storyboard */; };
		D75822C81B86FC0100174A13 /* Images.xcassets in Resources */ = {isa = PBXBuildFile; fileRef = D75822C71B86FC0100174A13 /* Images.xcassets */; };
		D75822CB1B86FC0100174A13 /* LaunchScreen.xib in Resources */ = {isa = PBXBuildFile; fileRef = D75822C91B86FC0100174A13 /* LaunchScreen.xib */; };
		D75822D71B86FC0200174A13 /* PopTests.m in Sources */ = {isa = PBXBuildFile; fileRef = D75822D61B86FC0200174A13 /* PopTests.m */; };
/* End PBXBuildFile section */

/* Begin PBXContainerItemProxy section */
		D75822D11B86FC0200174A13 /* PBXContainerItemProxy */ = {
			isa = PBXContainerItemProxy;
			containerPortal = D75822AF1B86FC0100174A13 /* Project object */;
			proxyType = 1;
			remoteGlobalIDString = D75822B61B86FC0100174A13;
			remoteInfo = Pop;
		};
/* End PBXContainerItemProxy section */

/* Begin PBXFileReference section */
		D71F85301B8B1C490034413A /* PopToolBar.h */ = {isa = PBXFileReference; fileEncoding = 4; lastKnownFileType = sourcecode.c.h; path = PopToolBar.h; sourceTree = "<group>"; };
		D71F85311B8B1C490034413A /* PopToolBar.m */ = {isa = PBXFileReference; fileEncoding = 4; lastKnownFileType = sourcecode.c.objc; path = PopToolBar.m; sourceTree = "<group>"; };
		D71F85331B9033AA0034413A /* RankViewController.h */ = {isa = PBXFileReference; fileEncoding = 4; lastKnownFileType = sourcecode.c.h; path = RankViewController.h; sourceTree = "<group>"; };
		D71F85341B9033AA0034413A /* RankViewController.m */ = {isa = PBXFileReference; fileEncoding = 4; lastKnownFileType = sourcecode.c.objc; path = RankViewController.m; sourceTree = "<group>"; };
		D71F853A1B9044E20034413A /* PopDivideLines.h */ = {isa = PBXFileReference; fileEncoding = 4; lastKnownFileType = sourcecode.c.h; path = PopDivideLines.h; sourceTree = "<group>"; };
		D71F853B1B9044E20034413A /* PopDivideLines.m */ = {isa = PBXFileReference; fileEncoding = 4; lastKnownFileType = sourcecode.c.objc; path = PopDivideLines.m; sourceTree = "<group>"; };
		D75284B41B943A2C00679DB1 /* Constants.h */ = {isa = PBXFileReference; fileEncoding = 4; lastKnownFileType = sourcecode.c.h; path = Constants.h; sourceTree = "<group>"; };
		D75284F61B9572F200679DB1 /* InfoViewController.h */ = {isa = PBXFileReference; fileEncoding = 4; lastKnownFileType = sourcecode.c.h; path = InfoViewController.h; sourceTree = "<group>"; };
		D75284F71B9572F200679DB1 /* InfoViewController.m */ = {isa = PBXFileReference; fileEncoding = 4; lastKnownFileType = sourcecode.c.objc; path = InfoViewController.m; sourceTree = "<group>"; };
		D75822B71B86FC0100174A13 /* Pop.app */ = {isa = PBXFileReference; explicitFileType = wrapper.application; includeInIndex = 0; path = Pop.app; sourceTree = BUILT_PRODUCTS_DIR; };
		D75822BB1B86FC0100174A13 /* Info.plist */ = {isa = PBXFileReference; lastKnownFileType = text.plist.xml; path = Info.plist; sourceTree = "<group>"; };
		D75822BC1B86FC0100174A13 /* main.m */ = {isa = PBXFileReference; lastKnownFileType = sourcecode.c.objc; path = main.m; sourceTree = "<group>"; };
		D75822BE1B86FC0100174A13 /* AppDelegate.h */ = {isa = PBXFileReference; lastKnownFileType = sourcecode.c.h; path = AppDelegate.h; sourceTree = "<group>"; };
		D75822BF1B86FC0100174A13 /* AppDelegate.m */ = {isa = PBXFileReference; lastKnownFileType = sourcecode.c.objc; path = AppDelegate.m; sourceTree = "<group>"; };
		D75822C11B86FC0100174A13 /* HomeViewController.h */ = {isa = PBXFileReference; lastKnownFileType = sourcecode.c.h; path = HomeViewController.h; sourceTree = "<group>"; };
		D75822C21B86FC0100174A13 /* HomeViewController.m */ = {isa = PBXFileReference; lastKnownFileType = sourcecode.c.objc; path = HomeViewController.m; sourceTree = "<group>"; };
		D75822C51B86FC0100174A13 /* Base */ = {isa = PBXFileReference; lastKnownFileType = file.storyboard; name = Base; path = Base.lproj/Main.storyboard; sourceTree = "<group>"; };
		D75822C71B86FC0100174A13 /* Images.xcassets */ = {isa = PBXFileReference; lastKnownFileType = folder.assetcatalog; path = Images.xcassets; sourceTree = "<group>"; };
		D75822CA1B86FC0100174A13 /* Base */ = {isa = PBXFileReference; lastKnownFileType = file.xib; name = Base; path = Base.lproj/LaunchScreen.xib; sourceTree = "<group>"; };
		D75822D01B86FC0200174A13 /* PopTests.xctest */ = {isa = PBXFileReference; explicitFileType = wrapper.cfbundle; includeInIndex = 0; path = PopTests.xctest; sourceTree = BUILT_PRODUCTS_DIR; };
		D75822D51B86FC0200174A13 /* Info.plist */ = {isa = PBXFileReference; lastKnownFileType = text.plist.xml; path = Info.plist; sourceTree = "<group>"; };
		D75822D61B86FC0200174A13 /* PopTests.m */ = {isa = PBXFileReference; lastKnownFileType = sourcecode.c.objc; path = PopTests.m; sourceTree = "<group>"; };
/* End PBXFileReference section */

/* Begin PBXFrameworksBuildPhase section */
		D75822B41B86FC0100174A13 /* Frameworks */ = {
			isa = PBXFrameworksBuildPhase;
			buildActionMask = 2147483647;
			files = (
			);
			runOnlyForDeploymentPostprocessing = 0;
		};
		D75822CD1B86FC0200174A13 /* Frameworks */ = {
			isa = PBXFrameworksBuildPhase;
			buildActionMask = 2147483647;
			files = (
			);
			runOnlyForDeploymentPostprocessing = 0;
		};
/* End PBXFrameworksBuildPhase section */

/* Begin PBXGroup section */
		D71F853D1B9044F10034413A /* Views */ = {
			isa = PBXGroup;
			children = (
				D71F853A1B9044E20034413A /* PopDivideLines.h */,
				D71F853B1B9044E20034413A /* PopDivideLines.m */,
				D71F85301B8B1C490034413A /* PopToolBar.h */,
				D71F85311B8B1C490034413A /* PopToolBar.m */,
			);
			name = Views;
			sourceTree = "<group>";
		};
		D71F853E1B9044FA0034413A /* View Controllers */ = {
			isa = PBXGroup;
			children = (
				D75822C11B86FC0100174A13 /* HomeViewController.h */,
				D75822C21B86FC0100174A13 /* HomeViewController.m */,
				D71F85331B9033AA0034413A /* RankViewController.h */,
				D71F85341B9033AA0034413A /* RankViewController.m */,
				D75284F61B9572F200679DB1 /* InfoViewController.h */,
				D75284F71B9572F200679DB1 /* InfoViewController.m */,
			);
			name = "View Controllers";
			sourceTree = "<group>";
		};
		D71F853F1B9045150034413A /* User Interface */ = {
			isa = PBXGroup;
			children = (
				D75822C41B86FC0100174A13 /* Main.storyboard */,
				D75822C71B86FC0100174A13 /* Images.xcassets */,
				D75822C91B86FC0100174A13 /* LaunchScreen.xib */,
			);
			name = "User Interface";
			sourceTree = "<group>";
		};
		D75822AE1B86FC0100174A13 = {
			isa = PBXGroup;
			children = (
				D75822B91B86FC0100174A13 /* Pop */,
				D75822D31B86FC0200174A13 /* PopTests */,
				D75822B81B86FC0100174A13 /* Products */,
			);
			sourceTree = "<group>";
		};
		D75822B81B86FC0100174A13 /* Products */ = {
			isa = PBXGroup;
			children = (
				D75822B71B86FC0100174A13 /* Pop.app */,
				D75822D01B86FC0200174A13 /* PopTests.xctest */,
			);
			name = Products;
			sourceTree = "<group>";
		};
		D75822B91B86FC0100174A13 /* Pop */ = {
			isa = PBXGroup;
			children = (
				D71F853E1B9044FA0034413A /* View Controllers */,
				D71F853D1B9044F10034413A /* Views */,
				D71F853F1B9045150034413A /* User Interface */,
				D75822BA1B86FC0100174A13 /* Supporting Files */,
			);
			path = Pop;
			sourceTree = "<group>";
		};
		D75822BA1B86FC0100174A13 /* Supporting Files */ = {
			isa = PBXGroup;
			children = (
				D75284B41B943A2C00679DB1 /* Constants.h */,
				D75822BE1B86FC0100174A13 /* AppDelegate.h */,
				D75822BF1B86FC0100174A13 /* AppDelegate.m */,
				D75822BB1B86FC0100174A13 /* Info.plist */,
				D75822BC1B86FC0100174A13 /* main.m */,
			);
			name = "Supporting Files";
			sourceTree = "<group>";
		};
		D75822D31B86FC0200174A13 /* PopTests */ = {
			isa = PBXGroup;
			children = (
				D75822D61B86FC0200174A13 /* PopTests.m */,
				D75822D41B86FC0200174A13 /* Supporting Files */,
			);
			path = PopTests;
			sourceTree = "<group>";
		};
		D75822D41B86FC0200174A13 /* Supporting Files */ = {
			isa = PBXGroup;
			children = (
				D75822D51B86FC0200174A13 /* Info.plist */,
			);
			name = "Supporting Files";
			sourceTree = "<group>";
		};
/* End PBXGroup section */

/* Begin PBXNativeTarget section */
		D75822B61B86FC0100174A13 /* Pop */ = {
			isa = PBXNativeTarget;
			buildConfigurationList = D75822DA1B86FC0200174A13 /* Build configuration list for PBXNativeTarget "Pop" */;
			buildPhases = (
				D75822B31B86FC0100174A13 /* Sources */,
				D75822B41B86FC0100174A13 /* Frameworks */,
				D75822B51B86FC0100174A13 /* Resources */,
			);
			buildRules = (
			);
			dependencies = (
			);
			name = Pop;
			productName = Pop;
			productReference = D75822B71B86FC0100174A13 /* Pop.app */;
			productType = "com.apple.product-type.application";
		};
		D75822CF1B86FC0200174A13 /* PopTests */ = {
			isa = PBXNativeTarget;
			buildConfigurationList = D75822DD1B86FC0200174A13 /* Build configuration list for PBXNativeTarget "PopTests" */;
			buildPhases = (
				D75822CC1B86FC0200174A13 /* Sources */,
				D75822CD1B86FC0200174A13 /* Frameworks */,
				D75822CE1B86FC0200174A13 /* Resources */,
			);
			buildRules = (
			);
			dependencies = (
				D75822D21B86FC0200174A13 /* PBXTargetDependency */,
			);
			name = PopTests;
			productName = PopTests;
			productReference = D75822D01B86FC0200174A13 /* PopTests.xctest */;
			productType = "com.apple.product-type.bundle.unit-test";
		};
/* End PBXNativeTarget section */

/* Begin PBXProject section */
		D75822AF1B86FC0100174A13 /* Project object */ = {
			isa = PBXProject;
			attributes = {
				LastUpgradeCheck = 0640;
				ORGANIZATIONNAME = LuHaopeng;
				TargetAttributes = {
					D75822B61B86FC0100174A13 = {
						CreatedOnToolsVersion = 6.4;
						DevelopmentTeam = 4U74Z69A4N;
					};
					D75822CF1B86FC0200174A13 = {
						CreatedOnToolsVersion = 6.4;
						TestTargetID = D75822B61B86FC0100174A13;
					};
				};
			};
			buildConfigurationList = D75822B21B86FC0100174A13 /* Build configuration list for PBXProject "Pop" */;
			compatibilityVersion = "Xcode 3.2";
			developmentRegion = English;
			hasScannedForEncodings = 0;
			knownRegions = (
				en,
				Base,
			);
			mainGroup = D75822AE1B86FC0100174A13;
			productRefGroup = D75822B81B86FC0100174A13 /* Products */;
			projectDirPath = "";
			projectRoot = "";
			targets = (
				D75822B61B86FC0100174A13 /* Pop */,
				D75822CF1B86FC0200174A13 /* PopTests */,
			);
		};
/* End PBXProject section */

/* Begin PBXResourcesBuildPhase section */
		D75822B51B86FC0100174A13 /* Resources */ = {
			isa = PBXResourcesBuildPhase;
			buildActionMask = 2147483647;
			files = (
				D75822C61B86FC0100174A13 /* Main.storyboard in Resources */,
				D75822CB1B86FC0100174A13 /* LaunchScreen.xib in Resources */,
				D75822C81B86FC0100174A13 /* Images.xcassets in Resources */,
			);
			runOnlyForDeploymentPostprocessing = 0;
		};
		D75822CE1B86FC0200174A13 /* Resources */ = {
			isa = PBXResourcesBuildPhase;
			buildActionMask = 2147483647;
			files = (
			);
			runOnlyForDeploymentPostprocessing = 0;
		};
/* End PBXResourcesBuildPhase section */

/* Begin PBXSourcesBuildPhase section */
		D75822B31B86FC0100174A13 /* Sources */ = {
			isa = PBXSourcesBuildPhase;
			buildActionMask = 2147483647;
			files = (
				D75822C31B86FC0100174A13 /* HomeViewController.m in Sources */,
				D71F853C1B9044E20034413A /* PopDivideLines.m in Sources */,
				D75822C01B86FC0100174A13 /* AppDelegate.m in Sources */,
				D75822BD1B86FC0100174A13 /* main.m in Sources */,
				D71F85321B8B1C490034413A /* PopToolBar.m in Sources */,
				D75284F81B9572F200679DB1 /* InfoViewController.m in Sources */,
				D71F85351B9033AA0034413A /* RankViewController.m in Sources */,
			);
			runOnlyForDeploymentPostprocessing = 0;
		};
		D75822CC1B86FC0200174A13 /* Sources */ = {
			isa = PBXSourcesBuildPhase;
			buildActionMask = 2147483647;
			files = (
				D75822D71B86FC0200174A13 /* PopTests.m in Sources */,
			);
			runOnlyForDeploymentPostprocessing = 0;
		};
/* End PBXSourcesBuildPhase section */

/* Begin PBXTargetDependency section */
		D75822D21B86FC0200174A13 /* PBXTargetDependency */ = {
			isa = PBXTargetDependency;
			target = D75822B61B86FC0100174A13 /* Pop */;
			targetProxy = D75822D11B86FC0200174A13 /* PBXContainerItemProxy */;
		};
/* End PBXTargetDependency section */

/* Begin PBXVariantGroup section */
		D75822C41B86FC0100174A13 /* Main.storyboard */ = {
			isa = PBXVariantGroup;
			children = (
				D75822C51B86FC0100174A13 /* Base */,
			);
			name = Main.storyboard;
			sourceTree = "<group>";
		};
		D75822C91B86FC0100174A13 /* LaunchScreen.xib */ = {
			isa = PBXVariantGroup;
			children = (
				D75822CA1B86FC0100174A13 /* Base */,
			);
			name = LaunchScreen.xib;
			sourceTree = "<group>";
		};
/* End PBXVariantGroup section */

/* Begin XCBuildConfiguration section */
		D75822D81B86FC0200174A13 /* Debug */ = {
			isa = XCBuildConfiguration;
			buildSettings = {
				ALWAYS_SEARCH_USER_PATHS = NO;
				CLANG_CXX_LANGUAGE_STANDARD = "gnu++0x";
				CLANG_CXX_LIBRARY = "libc++";
				CLANG_ENABLE_MODULES = YES;
				CLANG_ENABLE_OBJC_ARC = YES;
				CLANG_WARN_BOOL_CONVERSION = YES;
				CLANG_WARN_CONSTANT_CONVERSION = YES;
				CLANG_WARN_DIRECT_OBJC_ISA_USAGE = YES_ERROR;
				CLANG_WARN_EMPTY_BODY = YES;
				CLANG_WARN_ENUM_CONVERSION = YES;
				CLANG_WARN_INT_CONVERSION = YES;
				CLANG_WARN_OBJC_ROOT_CLASS = YES_ERROR;
				CLANG_WARN_UNREACHABLE_CODE = YES;
				CLANG_WARN__DUPLICATE_METHOD_MATCH = YES;
				"CODE_SIGN_IDENTITY[sdk=iphoneos*]" = "iPhone Developer";
				COPY_PHASE_STRIP = NO;
				DEBUG_INFORMATION_FORMAT = "dwarf-with-dsym";
				ENABLE_STRICT_OBJC_MSGSEND = YES;
				GCC_C_LANGUAGE_STANDARD = gnu99;
				GCC_DYNAMIC_NO_PIC = NO;
				GCC_NO_COMMON_BLOCKS = YES;
				GCC_OPTIMIZATION_LEVEL = 0;
				GCC_PREPROCESSOR_DEFINITIONS = (
					"DEBUG=1",
					"$(inherited)",
				);
				GCC_SYMBOLS_PRIVATE_EXTERN = NO;
				GCC_WARN_64_TO_32_BIT_CONVERSION = YES;
				GCC_WARN_ABOUT_RETURN_TYPE = YES_ERROR;
				GCC_WARN_UNDECLARED_SELECTOR = YES;
				GCC_WARN_UNINITIALIZED_AUTOS = YES_AGGRESSIVE;
				GCC_WARN_UNUSED_FUNCTION = YES;
				GCC_WARN_UNUSED_VARIABLE = YES;
				IPHONEOS_DEPLOYMENT_TARGET = 8.4;
				MTL_ENABLE_DEBUG_INFO = YES;
				ONLY_ACTIVE_ARCH = YES;
				SDKROOT = iphoneos;
				TARGETED_DEVICE_FAMILY = "1,2";
			};
			name = Debug;
		};
		D75822D91B86FC0200174A13 /* Release */ = {
			isa = XCBuildConfiguration;
			buildSettings = {
				ALWAYS_SEARCH_USER_PATHS = NO;
				CLANG_CXX_LANGUAGE_STANDARD = "gnu++0x";
				CLANG_CXX_LIBRARY = "libc++";
				CLANG_ENABLE_MODULES = YES;
				CLANG_ENABLE_OBJC_ARC = YES;
				CLANG_WARN_BOOL_CONVERSION = YES;
				CLANG_WARN_CONSTANT_CONVERSION = YES;
				CLANG_WARN_DIRECT_OBJC_ISA_USAGE = YES_ERROR;
				CLANG_WARN_EMPTY_BODY = YES;
				CLANG_WARN_ENUM_CONVERSION = YES;
				CLANG_WARN_INT_CONVERSION = YES;
				CLANG_WARN_OBJC_ROOT_CLASS = YES_ERROR;
				CLANG_WARN_UNREACHABLE_CODE = YES;
				CLANG_WARN__DUPLICATE_METHOD_MATCH = YES;
				"CODE_SIGN_IDENTITY[sdk=iphoneos*]" = "iPhone Developer";
				COPY_PHASE_STRIP = NO;
				DEBUG_INFORMATION_FORMAT = "dwarf-with-dsym";
				ENABLE_NS_ASSERTIONS = NO;
				ENABLE_STRICT_OBJC_MSGSEND = YES;
				GCC_C_LANGUAGE_STANDARD = gnu99;
				GCC_NO_COMMON_BLOCKS = YES;
				GCC_WARN_64_TO_32_BIT_CONVERSION = YES;
				GCC_WARN_ABOUT_RETURN_TYPE = YES_ERROR;
				GCC_WARN_UNDECLARED_SELECTOR = YES;
				GCC_WARN_UNINITIALIZED_AUTOS = YES_AGGRESSIVE;
				GCC_WARN_UNUSED_FUNCTION = YES;
				GCC_WARN_UNUSED_VARIABLE = YES;
				IPHONEOS_DEPLOYMENT_TARGET = 8.4;
				MTL_ENABLE_DEBUG_INFO = NO;
				SDKROOT = iphoneos;
				TARGETED_DEVICE_FAMILY = "1,2";
				VALIDATE_PRODUCT = YES;
			};
			name = Release;
		};
		D75822DB1B86FC0200174A13 /* Debug */ = {
			isa = XCBuildConfiguration;
			buildSettings = {
				ASSETCATALOG_COMPILER_APPICON_NAME = AppIcon;
				ASSETCATALOG_COMPILER_LAUNCHIMAGE_NAME = LaunchImage;
				CODE_SIGN_IDENTITY = "iPhone Developer";
				INFOPLIST_FILE = Pop/Info.plist;
				LD_RUNPATH_SEARCH_PATHS = "$(inherited) @executable_path/Frameworks";
				PRODUCT_NAME = "$(TARGET_NAME)";
				TARGETED_DEVICE_FAMILY = 1;
			};
			name = Debug;
		};
		D75822DC1B86FC0200174A13 /* Release */ = {
			isa = XCBuildConfiguration;
			buildSettings = {
				ASSETCATALOG_COMPILER_APPICON_NAME = AppIcon;
				ASSETCATALOG_COMPILER_LAUNCHIMAGE_NAME = LaunchImage;
				CODE_SIGN_IDENTITY = "iPhone Developer";
				INFOPLIST_FILE = Pop/Info.plist;
				LD_RUNPATH_SEARCH_PATHS = "$(inherited) @executable_path/Frameworks";
				PRODUCT_NAME = "$(TARGET_NAME)";
				TARGETED_DEVICE_FAMILY = 1;
			};
			name = Release;
		};
		D75822DE1B86FC0200174A13 /* Debug */ = {
			isa = XCBuildConfiguration;
			buildSettings = {
				BUNDLE_LOADER = "$(TEST_HOST)";
				FRAMEWORK_SEARCH_PATHS = (
					"$(SDKROOT)/Developer/Library/Frameworks",
					"$(inherited)",
				);
				GCC_PREPROCESSOR_DEFINITIONS = (
					"DEBUG=1",
					"$(inherited)",
				);
				INFOPLIST_FILE = PopTests/Info.plist;
				LD_RUNPATH_SEARCH_PATHS = "$(inherited) @executable_path/Frameworks @loader_path/Frameworks";
				PRODUCT_NAME = "$(TARGET_NAME)";
				TEST_HOST = "$(BUILT_PRODUCTS_DIR)/Pop.app/Pop";
			};
			name = Debug;
		};
		D75822DF1B86FC0200174A13 /* Release */ = {
			isa = XCBuildConfiguration;
			buildSettings = {
				BUNDLE_LOADER = "$(TEST_HOST)";
				FRAMEWORK_SEARCH_PATHS = (
					"$(SDKROOT)/Developer/Library/Frameworks",
					"$(inherited)",
				);
				INFOPLIST_FILE = PopTests/Info.plist;
				LD_RUNPATH_SEARCH_PATHS = "$(inherited) @executable_path/Frameworks @loader_path/Frameworks";
				PRODUCT_NAME = "$(TARGET_NAME)";
				TEST_HOST = "$(BUILT_PRODUCTS_DIR)/Pop.app/Pop";
			};
			name = Release;
		};
/* End XCBuildConfiguration section */

/* Begin XCConfigurationList section */
		D75822B21B86FC0100174A13 /* Build configuration list for PBXProject "Pop" */ = {
			isa = XCConfigurationList;
			buildConfigurations = (
				D75822D81B86FC0200174A13 /* Debug */,
				D75822D91B86FC0200174A13 /* Release */,
			);
			defaultConfigurationIsVisible = 0;
			defaultConfigurationName = Release;
		};
		D75822DA1B86FC0200174A13 /* Build configuration list for PBXNativeTarget "Pop" */ = {
			isa = XCConfigurationList;
			buildConfigurations = (
				D75822DB1B86FC0200174A13 /* Debug */,
				D75822DC1B86FC0200174A13 /* Release */,
			);
			defaultConfigurationIsVisible = 0;
			defaultConfigurationName = Release;
		};
		D75822DD1B86FC0200174A13 /* Build configuration list for PBXNativeTarget "PopTests" */ = {
			isa = XCConfigurationList;
			buildConfigurations = (
				D75822DE1B86FC0200174A13 /* Debug */,
				D75822DF1B86FC0200174A13 /* Release */,
			);
			defaultConfigurationIsVisible = 0;
			defaultConfigurationName = Release;
		};
/* End XCConfigurationList section */
	};
	rootObject = D75822AF1B86FC0100174A13 /* Project object */;
}
